
Microsoft Visual Studio Solution File, Format Version 12.00
# Visual Studio Version 16
VisualStudioVersion = 16.0.30804.86
MinimumVisualStudioVersion = 10.0.40219.1
Project("{FAE04EC0-301F-11D3-BF4B-00C04F79EFBC}") = "recursive fractal", "recursive fractal\recursive fractal.csproj", "{7231D8D5-B491-417A-BD90-B0101161294E}"
EndProject
Global
	GlobalSection(SolutionConfigurationPlatforms) = preSolution
		Debug|Any CPU = Debug|Any CPU
		Release|Any CPU = Release|Any CPU
	EndGlobalSection
	GlobalSection(ProjectConfigurationPlatforms) = postSolution
		{7231D8D5-B491-417A-BD90-B0101161294E}.Debug|Any CPU.ActiveCfg = Debug|Any CPU
		{7231D8D5-B491-417A-BD90-B0101161294E}.Debug|Any CPU.Build.0 = Debug|Any CPU
		{7231D8D5-B491-417A-BD90-B0101161294E}.Release|Any CPU.ActiveCfg = Release|Any CPU
		{7231D8D5-B491-417A-BD90-B0101161294E}.Release|Any CPU.Build.0 = Release|Any CPU
	EndGlobalSection
	GlobalSection(SolutionProperties) = preSolution
		HideSolutionNode = FALSE
	EndGlobalSection
	GlobalSection(ExtensibilityGlobals) = postSolution
		SolutionGuid = {6BE771CE-2BBA-4C3C-A33E-1FB70673BC3C}
	EndGlobalSection
EndGlobal
